Microsoft Visual Studio Solution File, Format Version 12.00
# Visual Studio Version 17
VisualStudioVersion = 17.5.2.0
MinimumVisualStudioVersion = 10.0.40219.1
Project("{FAE04EC0-301F-11D3-BF4B-00C04F79EFBC}") = "AppConfigCli.Core.Tests", "AppConfigCli.Core.Tests.csproj", "{16F34261-303B-09E4-1F40-EDB3EE9BC359}"
EndProject
Global
	GlobalSection(SolutionConfigurationPlatforms) = preSolution
		Debug|Any CPU = Debug|Any CPU
		Release|Any CPU = Release|Any CPU
	EndGlobalSection
	GlobalSection(ProjectConfigurationPlatforms) = postSolution
		{16F34261-303B-09E4-1F40-EDB3EE9BC359}.Debug|Any CPU.ActiveCfg = Debug|Any CPU
		{16F34261-303B-09E4-1F40-EDB3EE9BC359}.Debug|Any CPU.Build.0 = Debug|Any CPU
		{16F34261-303B-09E4-1F40-EDB3EE9BC359}.Release|Any CPU.ActiveCfg = Release|Any CPU
		{16F34261-303B-09E4-1F40-EDB3EE9BC359}.Release|Any CPU.Build.0 = Release|Any CPU
	EndGlobalSection
	GlobalSection(SolutionProperties) = preSolution
		HideSolutionNode = FALSE
	EndGlobalSection
	GlobalSection(ExtensibilityGlobals) = postSolution
		SolutionGuid = {F0CDC293-068C-4FD1-9428-1AFB9D39B299}
	EndGlobalSection
EndGlobal
